
Microsoft Visual Studio Solution File, Format Version 12.00
Project("{FAE04EC0-301F-11D3-BF4B-00C04F79EFBC}") = "Invoicing.Api", "src\Invoicing.Api\Invoicing.Api.csproj", "{48A09C0C-9FBF-4AB4-B951-359A31ED82ED}"
EndProject
Project("{FAE04EC0-301F-11D3-BF4B-00C04F79EFBC}") = "Invoicing.Core", "src\Invoicing.Core\Invoicing.Core.csproj", "{ED63B975-A12A-4136-85B0-475875F8D75B}"
EndProject
Project("{FAE04EC0-301F-11D3-BF4B-00C04F79EFBC}") = "Invoicing.Application", "src\Invoicing.Application\Invoicing.Application.csproj", "{FCA425C7-64F3-461F-9017-DB087347A1DB}"
EndProject
Project("{FAE04EC0-301F-11D3-BF4B-00C04F79EFBC}") = "Invoicing.Infrastructure", "src\Invoicing.Infrastructure\Invoicing.Infrastructure.csproj", "{8D020D9F-ABED-425F-AB54-F00597E5ABC2}"
EndProject
Project("{2150E333-8FDC-42A3-9474-1A3956D46DE8}") = "src", "src", "{32583C49-2C7E-4A14-BFE4-EA9FB0D37FA2}"
EndProject
Project("{2150E333-8FDC-42A3-9474-1A3956D46DE8}") = "tests", "tests", "{84B44E73-F1AA-497C-BA9B-7EE9E90A3586}"
EndProject
Project("{FAE04EC0-301F-11D3-BF4B-00C04F79EFBC}") = "Invoicing.Application.Tests.Unit", "tests\Invoicing.Application.Tests.Unit\Invoicing.Application.Tests.Unit.csproj", "{22E3AC3F-4E72-4C22-9713-0FC8A1232E3F}"
EndProject
Project("{FAE04EC0-301F-11D3-BF4B-00C04F79EFBC}") = "Invoicing.Infrastructure.Tests.Unit", "tests\Invoicing.Infrastructure.Tests.Unit\Invoicing.Infrastructure.Tests.Unit.csproj", "{0CDAA3A5-1DC1-4406-952E-52D93666FAA2}"
EndProject
Global
	GlobalSection(SolutionConfigurationPlatforms) = preSolution
		Debug|Any CPU = Debug|Any CPU
		Release|Any CPU = Release|Any CPU
	EndGlobalSection
	GlobalSection(ProjectConfigurationPlatforms) = postSolution
		{48A09C0C-9FBF-4AB4-B951-359A31ED82ED}.Debug|Any CPU.ActiveCfg = Debug|Any CPU
		{48A09C0C-9FBF-4AB4-B951-359A31ED82ED}.Debug|Any CPU.Build.0 = Debug|Any CPU
		{48A09C0C-9FBF-4AB4-B951-359A31ED82ED}.Release|Any CPU.ActiveCfg = Release|Any CPU
		{48A09C0C-9FBF-4AB4-B951-359A31ED82ED}.Release|Any CPU.Build.0 = Release|Any CPU
		{ED63B975-A12A-4136-85B0-475875F8D75B}.Debug|Any CPU.ActiveCfg = Debug|Any CPU
		{ED63B975-A12A-4136-85B0-475875F8D75B}.Debug|Any CPU.Build.0 = Debug|Any CPU
		{ED63B975-A12A-4136-85B0-475875F8D75B}.Release|Any CPU.ActiveCfg = Release|Any CPU
		{ED63B975-A12A-4136-85B0-475875F8D75B}.Release|Any CPU.Build.0 = Release|Any CPU
		{FCA425C7-64F3-461F-9017-DB087347A1DB}.Debug|Any CPU.ActiveCfg = Debug|Any CPU
		{FCA425C7-64F3-461F-9017-DB087347A1DB}.Debug|Any CPU.Build.0 = Debug|Any CPU
		{FCA425C7-64F3-461F-9017-DB087347A1DB}.Release|Any CPU.ActiveCfg = Release|Any CPU
		{FCA425C7-64F3-461F-9017-DB087347A1DB}.Release|Any CPU.Build.0 = Release|Any CPU
		{8D020D9F-ABED-425F-AB54-F00597E5ABC2}.Debug|Any CPU.ActiveCfg = Debug|Any CPU
		{8D020D9F-ABED-425F-AB54-F00597E5ABC2}.Debug|Any CPU.Build.0 = Debug|Any CPU
		{8D020D9F-ABED-425F-AB54-F00597E5ABC2}.Release|Any CPU.ActiveCfg = Release|Any CPU
		{8D020D9F-ABED-425F-AB54-F00597E5ABC2}.Release|Any CPU.Build.0 = Release|Any CPU
		{22E3AC3F-4E72-4C22-9713-0FC8A1232E3F}.Debug|Any CPU.ActiveCfg = Debug|Any CPU
		{22E3AC3F-4E72-4C22-9713-0FC8A1232E3F}.Debug|Any CPU.Build.0 = Debug|Any CPU
		{22E3AC3F-4E72-4C22-9713-0FC8A1232E3F}.Release|Any CPU.ActiveCfg = Release|Any CPU
		{22E3AC3F-4E72-4C22-9713-0FC8A1232E3F}.Release|Any CPU.Build.0 = Release|Any CPU
		{0CDAA3A5-1DC1-4406-952E-52D93666FAA2}.Debug|Any CPU.ActiveCfg = Debug|Any CPU
		{0CDAA3A5-1DC1-4406-952E-52D93666FAA2}.Debug|Any CPU.Build.0 = Debug|Any CPU
		{0CDAA3A5-1DC1-4406-952E-52D93666FAA2}.Release|Any CPU.ActiveCfg = Release|Any CPU
		{0CDAA3A5-1DC1-4406-952E-52D93666FAA2}.Release|Any CPU.Build.0 = Release|Any CPU
	EndGlobalSection
	GlobalSection(NestedProjects) = preSolution
		{48A09C0C-9FBF-4AB4-B951-359A31ED82ED} = {32583C49-2C7E-4A14-BFE4-EA9FB0D37FA2}
		{FCA425C7-64F3-461F-9017-DB087347A1DB} = {32583C49-2C7E-4A14-BFE4-EA9FB0D37FA2}
		{ED63B975-A12A-4136-85B0-475875F8D75B} = {32583C49-2C7E-4A14-BFE4-EA9FB0D37FA2}
		{8D020D9F-ABED-425F-AB54-F00597E5ABC2} = {32583C49-2C7E-4A14-BFE4-EA9FB0D37FA2}
		{22E3AC3F-4E72-4C22-9713-0FC8A1232E3F} = {84B44E73-F1AA-497C-BA9B-7EE9E90A3586}
		{0CDAA3A5-1DC1-4406-952E-52D93666FAA2} = {84B44E73-F1AA-497C-BA9B-7EE9E90A3586}
	EndGlobalSection
EndGlobal
